
Microsoft Visual Studio Solution File, Format Version 12.00
# Visual Studio Version 17
VisualStudioVersion = 17.7.34221.43
MinimumVisualStudioVersion = 10.0.40219.1
Project("{FAE04EC0-301F-11D3-BF4B-00C04F79EFBC}") = "ios", "ios\ios.csproj", "{520FE4C9-D354-40F7-B6D1-9D434F725DC6}"
EndProject
Global
	GlobalSection(SolutionConfigurationPlatforms) = preSolution
		Debug|Any CPU = Debug|Any CPU
		Release|Any CPU = Release|Any CPU
	EndGlobalSection
	GlobalSection(ProjectConfigurationPlatforms) = postSolution
		{520FE4C9-D354-40F7-B6D1-9D434F725DC6}.Debug|Any CPU.ActiveCfg = Debug|Any CPU
		{520FE4C9-D354-40F7-B6D1-9D434F725DC6}.Debug|Any CPU.Build.0 = Debug|Any CPU
		{520FE4C9-D354-40F7-B6D1-9D434F725DC6}.Release|Any CPU.ActiveCfg = Release|Any CPU
		{520FE4C9-D354-40F7-B6D1-9D434F725DC6}.Release|Any CPU.Build.0 = Release|Any CPU
	EndGlobalSection
	GlobalSection(SolutionProperties) = preSolution
		HideSolutionNode = FALSE
	EndGlobalSection
	GlobalSection(ExtensibilityGlobals) = postSolution
		SolutionGuid = {27483D62-4E85-4529-B7C0-141E74FCB1E4}
	EndGlobalSection
EndGlobal
